{
  "version": 4,
  "terraform_version": "0.12.3",
  "serial": 46,
  "lineage": "0b719d1d-23fc-60da-fb6f-60ded46412ae",
  "outputs": {},
  "resources": [
    {
      "mode": "data",
      "type": "openstack_images_image_v2",
      "name": "workshop_image",
      "provider": "provider.openstack",
      "instances": [
        {
          "schema_version": 0,
          "attributes": {
            "checksum": "9eca98f4b3ad7e6dd4390a9d181381c9",
            "container_format": "bare",
            "created_at": "2017-04-05T02:06:14Z",
            "disk_format": "qcow2",
            "file": "/v2/images/dd6f2d17-e860-4f4a-a5aa-0a2c6ec73fd7/file",
            "id": "dd6f2d17-e860-4f4a-a5aa-0a2c6ec73fd7",
            "member_status": null,
            "metadata": {},
            "min_disk_gb": 0,
            "min_ram_mb": 0,
            "most_recent": true,
            "name": "CentOS",
            "owner": "251732fe41c94547a050008c7a6a6106",
            "properties": null,
            "protected": false,
            "region": null,
            "schema": "/v2/schemas/image",
            "size_bytes": 1004994560,
            "size_max": null,
            "size_min": null,
            "sort_direction": "asc",
            "sort_key": "name",
            "tag": null,
            "tags": [],
            "updated_at": "2017-04-05T02:06:19Z",
            "visibility": "public"
          }
        }
      ]
    },
    {
      "mode": "managed",
      "type": "openstack_blockstorage_volume_v2",
      "name": "cinder_volume",
      "provider": "provider.openstack",
      "instances": [
        {
          "schema_version": 0,
          "attributes": {
            "attachment": [],
            "availability_zone": "nova",
            "consistency_group_id": null,
            "description": "",
            "id": "fca8d6cb-0f10-4219-8a24-0f3cd5efd15e",
            "image_id": null,
            "metadata": {},
            "name": "maxhanussek-workshop-volume",
            "region": "RegionOne",
            "size": 10,
            "snapshot_id": "",
            "source_replica": null,
            "source_vol_id": "",
            "timeouts": null,
            "volume_type": "quobyte_hdd"
          },
          "private": "eyJlMmJmYjczMC1lY2FhLTExZTYtOGY4OC0zNDM2M2JjN2M0YzAiOnsiY3JlYXRlIjo2MDAwMDAwMDAwMDAsImRlbGV0ZSI6NjAwMDAwMDAwMDAwfX0="
        }
      ]
    },
    {
      "mode": "managed",
      "type": "openstack_compute_instance_v2",
      "name": "workshop_vm",
      "provider": "provider.openstack",
      "instances": [
        {
          "schema_version": 0,
          "attributes": {
            "access_ip_v4": "192.168.19.6",
            "access_ip_v6": "",
            "admin_pass": null,
            "all_metadata": {},
            "availability_zone": "nova",
            "block_device": [
              {
                "boot_index": 0,
                "delete_on_termination": true,
                "destination_type": "local",
                "device_type": "",
                "disk_bus": "",
                "guest_format": "",
                "source_type": "image",
                "uuid": "dd6f2d17-e860-4f4a-a5aa-0a2c6ec73fd7",
                "volume_size": 0
              },
              {
                "boot_index": -1,
                "delete_on_termination": true,
                "destination_type": "volume",
                "device_type": "",
                "disk_bus": "",
                "guest_format": "",
                "source_type": "volume",
                "uuid": "fca8d6cb-0f10-4219-8a24-0f3cd5efd15e",
                "volume_size": 0
              }
            ],
            "config_drive": null,
            "flavor_id": "3ee71032-7989-482f-8f90-7088c1fc72fe",
            "flavor_name": "de.NBI default",
            "floating_ip": null,
            "force_delete": false,
            "id": "1fa56e17-1d6b-40ac-b9f4-76433047a831",
            "image_id": "dd6f2d17-e860-4f4a-a5aa-0a2c6ec73fd7",
            "image_name": "CentOS",
            "key_pair": "workshop",
            "metadata": null,
            "name": "maxhanussek-workshop-vm",
            "network": [
              {
                "access_network": false,
                "fixed_ip_v4": "192.168.19.6",
                "fixed_ip_v6": "",
                "floating_ip": "",
                "mac": "fa:16:3e:dd:d4:47",
                "name": "deNBI_user_meeting_internal",
                "port": "",
                "uuid": "f9792c44-1d2d-4716-bee6-3c4aa8e83853"
              }
            ],
            "personality": [],
            "power_state": "active",
            "region": "RegionOne",
            "scheduler_hints": [],
            "security_groups": [
              "terraform-workshop-access-group"
            ],
            "stop_before_destroy": false,
            "timeouts": null,
            "user_data": null,
            "vendor_options": [],
            "volume": []
          },
          "private": "eyJlMmJmYjczMC1lY2FhLTExZTYtOGY4OC0zNDM2M2JjN2M0YzAiOnsiY3JlYXRlIjoxODAwMDAwMDAwMDAwLCJkZWxldGUiOjE4MDAwMDAwMDAwMDAsInVwZGF0ZSI6MTgwMDAwMDAwMDAwMH19",
          "depends_on": [
            "data.openstack_images_image_v2.workshop_image",
            "openstack_blockstorage_volume_v2.cinder_volume"
          ]
        }
      ]
    },
    {
      "mode": "managed",
      "type": "openstack_networking_secgroup_rule_v2",
      "name": "egress-public-4",
      "provider": "provider.openstack",
      "instances": [
        {
          "schema_version": 0,
          "attributes": {
            "description": "",
            "direction": "egress",
            "ethertype": "IPv4",
            "id": "4305a9b6-1791-4f30-a4e3-e1049d29edbd",
            "port_range_max": 0,
            "port_range_min": 0,
            "protocol": "",
            "region": "RegionOne",
            "remote_group_id": "",
            "remote_ip_prefix": "",
            "security_group_id": "b5a579c7-1d77-4553-b60d-31fb969b86fc",
            "tenant_id": "329fb3d7f44b482d827a5bb029871654",
            "timeouts": null
          },
          "private": "eyJlMmJmYjczMC1lY2FhLTExZTYtOGY4OC0zNDM2M2JjN2M0YzAiOnsiZGVsZXRlIjo2MDAwMDAwMDAwMDB9fQ==",
          "depends_on": [
            "openstack_networking_secgroup_v2.terraform_workshop_sec_group"
          ]
        }
      ]
    },
    {
      "mode": "managed",
      "type": "openstack_networking_secgroup_rule_v2",
      "name": "egress-public-6",
      "provider": "provider.openstack",
      "instances": [
        {
          "schema_version": 0,
          "attributes": {
            "description": "",
            "direction": "egress",
            "ethertype": "IPv6",
            "id": "ec5911bf-6189-4c18-b6f6-ce5489429af9",
            "port_range_max": 0,
            "port_range_min": 0,
            "protocol": "",
            "region": "RegionOne",
            "remote_group_id": "",
            "remote_ip_prefix": "",
            "security_group_id": "b5a579c7-1d77-4553-b60d-31fb969b86fc",
            "tenant_id": "329fb3d7f44b482d827a5bb029871654",
            "timeouts": null
          },
          "private": "eyJlMmJmYjczMC1lY2FhLTExZTYtOGY4OC0zNDM2M2JjN2M0YzAiOnsiZGVsZXRlIjo2MDAwMDAwMDAwMDB9fQ==",
          "depends_on": [
            "openstack_networking_secgroup_v2.terraform_workshop_sec_group"
          ]
        }
      ]
    },
    {
      "mode": "managed",
      "type": "openstack_networking_secgroup_rule_v2",
      "name": "ingress-public-4",
      "provider": "provider.openstack",
      "instances": [
        {
          "schema_version": 0,
          "attributes": {
            "description": "",
            "direction": "ingress",
            "ethertype": "IPv4",
            "id": "96d2dae5-ec8b-484d-bdfd-b11a0d93ce79",
            "port_range_max": 0,
            "port_range_min": 0,
            "protocol": "icmp",
            "region": "RegionOne",
            "remote_group_id": "",
            "remote_ip_prefix": "0.0.0.0/0",
            "security_group_id": "b5a579c7-1d77-4553-b60d-31fb969b86fc",
            "tenant_id": "329fb3d7f44b482d827a5bb029871654",
            "timeouts": null
          },
          "private": "eyJlMmJmYjczMC1lY2FhLTExZTYtOGY4OC0zNDM2M2JjN2M0YzAiOnsiZGVsZXRlIjo2MDAwMDAwMDAwMDB9fQ==",
          "depends_on": [
            "openstack_networking_secgroup_v2.terraform_workshop_sec_group"
          ]
        }
      ]
    },
    {
      "mode": "managed",
      "type": "openstack_networking_secgroup_rule_v2",
      "name": "ingress-public-4-ssh",
      "provider": "provider.openstack",
      "instances": [
        {
          "schema_version": 0,
          "attributes": {
            "description": "",
            "direction": "ingress",
            "ethertype": "IPv4",
            "id": "72a68161-0ea7-400e-a643-85371a1cbaf0",
            "port_range_max": 22,
            "port_range_min": 22,
            "protocol": "tcp",
            "region": "RegionOne",
            "remote_group_id": "",
            "remote_ip_prefix": "0.0.0.0/0",
            "security_group_id": "b5a579c7-1d77-4553-b60d-31fb969b86fc",
            "tenant_id": "329fb3d7f44b482d827a5bb029871654",
            "timeouts": null
          },
          "private": "eyJlMmJmYjczMC1lY2FhLTExZTYtOGY4OC0zNDM2M2JjN2M0YzAiOnsiZGVsZXRlIjo2MDAwMDAwMDAwMDB9fQ==",
          "depends_on": [
            "openstack_networking_secgroup_v2.terraform_workshop_sec_group"
          ]
        }
      ]
    },
    {
      "mode": "managed",
      "type": "openstack_networking_secgroup_v2",
      "name": "terraform_workshop_sec_group",
      "provider": "provider.openstack",
      "instances": [
        {
          "schema_version": 0,
          "attributes": {
            "all_tags": [],
            "delete_default_rules": true,
            "description": "Allow SSH access and ping request",
            "id": "b5a579c7-1d77-4553-b60d-31fb969b86fc",
            "name": "terraform-workshop-access-group",
            "region": "RegionOne",
            "tags": null,
            "tenant_id": "329fb3d7f44b482d827a5bb029871654",
            "timeouts": null
          },
          "private": "eyJlMmJmYjczMC1lY2FhLTExZTYtOGY4OC0zNDM2M2JjN2M0YzAiOnsiZGVsZXRlIjo2MDAwMDAwMDAwMDB9fQ=="
        }
      ]
    }
  ]
}
