{
  "version": 4,
  "terraform_version": "0.13.2",
  "serial": 85,
  "lineage": "8c08c491-29cd-9f7a-b79c-5f607a59374d",
  "outputs": {},
  "resources": [
    {
      "mode": "data",
      "type": "openstack_images_image_v2",
      "name": "workshop_image",
      "provider": "provider[\"registry.terraform.io/terraform-providers/openstack\"]",
      "instances": [
        {
          "schema_version": 0,
          "attributes": {
            "checksum": "26c52282b53e6fe746fbfd5542421675",
            "container_format": "bare",
            "created_at": "2020-07-07T08:39:37Z",
            "disk_format": "raw",
            "file": "/v2/images/bf6aee92-8183-4b6e-a5d1-34d02c1806a4/file",
            "id": "bf6aee92-8183-4b6e-a5d1-34d02c1806a4",
            "member_status": null,
            "metadata": {},
            "min_disk_gb": 0,
            "min_ram_mb": 0,
            "most_recent": true,
            "name": "CentOS 7.7 2020-07-07",
            "owner": "251732fe41c94547a050008c7a6a6106",
            "properties": null,
            "protected": true,
            "region": null,
            "schema": "/v2/schemas/image",
            "size_bytes": 938409984,
            "size_max": null,
            "size_min": null,
            "sort_direction": "asc",
            "sort_key": "name",
            "tag": null,
            "tags": [],
            "updated_at": "2020-07-07T13:41:11Z",
            "visibility": "public"
          }
        }
      ]
    },
    {
      "mode": "managed",
      "type": "openstack_blockstorage_volume_v2",
      "name": "cinder_volume",
      "provider": "provider[\"registry.terraform.io/terraform-providers/openstack\"]",
      "instances": [
        {
          "index_key": 0,
          "schema_version": 0,
          "attributes": {
            "attachment": [
              {
                "device": "/dev/vdb",
                "id": "5ce5d69e-aa86-42af-95f9-90e3c7894b02",
                "instance_id": "397978f6-8b29-43ea-9a7c-8620b1f6bb9e"
              }
            ],
            "availability_zone": "nova",
            "consistency_group_id": null,
            "description": "",
            "id": "5ce5d69e-aa86-42af-95f9-90e3c7894b02",
            "image_id": null,
            "metadata": {},
            "name": "maxhanussek-workshop-volume-0",
            "region": "RegionTwo",
            "scheduler_hints": [],
            "size": 10,
            "snapshot_id": "",
            "source_replica": null,
            "source_vol_id": "",
            "timeouts": null,
            "volume_type": "quobyte_hdd"
          },
          "private": "eyJlMmJmYjczMC1lY2FhLTExZTYtOGY4OC0zNDM2M2JjN2M0YzAiOnsiY3JlYXRlIjo2MDAwMDAwMDAwMDAsImRlbGV0ZSI6NjAwMDAwMDAwMDAwfX0="
        },
        {
          "index_key": 1,
          "schema_version": 0,
          "attributes": {
            "attachment": [],
            "availability_zone": "nova",
            "consistency_group_id": null,
            "description": "",
            "id": "13bfdf54-717c-409a-b363-85db0146d424",
            "image_id": null,
            "metadata": {},
            "name": "maxhanussek-workshop-volume-1",
            "region": "RegionTwo",
            "scheduler_hints": [],
            "size": 10,
            "snapshot_id": "",
            "source_replica": null,
            "source_vol_id": "",
            "timeouts": null,
            "volume_type": "quobyte_hdd"
          },
          "private": "eyJlMmJmYjczMC1lY2FhLTExZTYtOGY4OC0zNDM2M2JjN2M0YzAiOnsiY3JlYXRlIjo2MDAwMDAwMDAwMDAsImRlbGV0ZSI6NjAwMDAwMDAwMDAwfX0="
        }
      ]
    },
    {
      "mode": "managed",
      "type": "openstack_compute_instance_v2",
      "name": "workshop_vm",
      "provider": "provider[\"registry.terraform.io/terraform-providers/openstack\"]",
      "instances": [
        {
          "index_key": 0,
          "schema_version": 0,
          "attributes": {
            "access_ip_v4": "192.168.0.29",
            "access_ip_v6": "",
            "admin_pass": null,
            "all_metadata": {},
            "all_tags": [],
            "availability_zone": "nova",
            "availability_zone_hints": null,
            "block_device": [
              {
                "boot_index": 0,
                "delete_on_termination": true,
                "destination_type": "local",
                "device_type": "",
                "disk_bus": "",
                "guest_format": "",
                "source_type": "image",
                "uuid": "bf6aee92-8183-4b6e-a5d1-34d02c1806a4",
                "volume_size": 0,
                "volume_type": ""
              },
              {
                "boot_index": -1,
                "delete_on_termination": true,
                "destination_type": "volume",
                "device_type": "",
                "disk_bus": "",
                "guest_format": "",
                "source_type": "volume",
                "uuid": "5ce5d69e-aa86-42af-95f9-90e3c7894b02",
                "volume_size": 0,
                "volume_type": ""
              }
            ],
            "config_drive": null,
            "flavor_id": "31cba723-45c5-48e8-9d27-9fa862e6b796",
            "flavor_name": "de.NBI default",
            "floating_ip": null,
            "force_delete": false,
            "id": "397978f6-8b29-43ea-9a7c-8620b1f6bb9e",
            "image_id": "bf6aee92-8183-4b6e-a5d1-34d02c1806a4",
            "image_name": "CentOS 7.7 2020-07-07",
            "key_pair": "maxhanussek-keypair",
            "metadata": null,
            "name": "maxhanussek-workshop-vm-0",
            "network": [
              {
                "access_network": false,
                "fixed_ip_v4": "192.168.0.29",
                "fixed_ip_v6": "",
                "floating_ip": "",
                "mac": "fa:16:3e:aa:0c:cb",
                "name": "denbi_uni_tuebingen_internal",
                "port": "",
                "uuid": "3e9ecdbc-ee10-4a00-8ea4-d944e7e77133"
              }
            ],
            "personality": [],
            "power_state": "active",
            "region": "RegionTwo",
            "scheduler_hints": [],
            "security_groups": [
              "maxhanussek-sec-group"
            ],
            "stop_before_destroy": false,
            "tags": [],
            "timeouts": null,
            "user_data": null,
            "vendor_options": [],
            "volume": []
          },
          "private": "eyJlMmJmYjczMC1lY2FhLTExZTYtOGY4OC0zNDM2M2JjN2M0YzAiOnsiY3JlYXRlIjoxODAwMDAwMDAwMDAwLCJkZWxldGUiOjE4MDAwMDAwMDAwMDAsInVwZGF0ZSI6MTgwMDAwMDAwMDAwMH19",
          "dependencies": [
            "data.openstack_images_image_v2.workshop_image",
            "openstack_blockstorage_volume_v2.cinder_volume",
            "openstack_compute_keypair_v2.workshop_keypair"
          ]
        },
        {
          "index_key": 1,
          "schema_version": 0,
          "attributes": {
            "access_ip_v4": "192.168.0.119",
            "access_ip_v6": "",
            "admin_pass": null,
            "all_metadata": {},
            "all_tags": [],
            "availability_zone": "nova",
            "availability_zone_hints": null,
            "block_device": [
              {
                "boot_index": 0,
                "delete_on_termination": true,
                "destination_type": "local",
                "device_type": "",
                "disk_bus": "",
                "guest_format": "",
                "source_type": "image",
                "uuid": "bf6aee92-8183-4b6e-a5d1-34d02c1806a4",
                "volume_size": 0,
                "volume_type": ""
              },
              {
                "boot_index": -1,
                "delete_on_termination": true,
                "destination_type": "volume",
                "device_type": "",
                "disk_bus": "",
                "guest_format": "",
                "source_type": "volume",
                "uuid": "13bfdf54-717c-409a-b363-85db0146d424",
                "volume_size": 0,
                "volume_type": ""
              }
            ],
            "config_drive": null,
            "flavor_id": "31cba723-45c5-48e8-9d27-9fa862e6b796",
            "flavor_name": "de.NBI default",
            "floating_ip": null,
            "force_delete": false,
            "id": "ecc32c96-ad25-49bf-b0f8-41472eead89f",
            "image_id": "bf6aee92-8183-4b6e-a5d1-34d02c1806a4",
            "image_name": "CentOS 7.7 2020-07-07",
            "key_pair": "maxhanussek-keypair",
            "metadata": null,
            "name": "maxhanussek-workshop-vm-1",
            "network": [
              {
                "access_network": false,
                "fixed_ip_v4": "192.168.0.119",
                "fixed_ip_v6": "",
                "floating_ip": "",
                "mac": "fa:16:3e:6e:6c:1a",
                "name": "denbi_uni_tuebingen_internal",
                "port": "",
                "uuid": "3e9ecdbc-ee10-4a00-8ea4-d944e7e77133"
              }
            ],
            "personality": [],
            "power_state": "active",
            "region": "RegionTwo",
            "scheduler_hints": [],
            "security_groups": [
              "maxhanussek-sec-group"
            ],
            "stop_before_destroy": false,
            "tags": null,
            "timeouts": null,
            "user_data": null,
            "vendor_options": [],
            "volume": []
          },
          "private": "eyJlMmJmYjczMC1lY2FhLTExZTYtOGY4OC0zNDM2M2JjN2M0YzAiOnsiY3JlYXRlIjoxODAwMDAwMDAwMDAwLCJkZWxldGUiOjE4MDAwMDAwMDAwMDAsInVwZGF0ZSI6MTgwMDAwMDAwMDAwMH19",
          "dependencies": [
            "data.openstack_images_image_v2.workshop_image",
            "openstack_blockstorage_volume_v2.cinder_volume",
            "openstack_compute_keypair_v2.workshop_keypair"
          ]
        }
      ]
    },
    {
      "mode": "managed",
      "type": "openstack_compute_keypair_v2",
      "name": "workshop_keypair",
      "provider": "provider[\"registry.terraform.io/terraform-providers/openstack\"]",
      "instances": [
        {
          "schema_version": 0,
          "attributes": {
            "fingerprint": "3d:11:d7:ad:76:57:1b:23:84:a9:d4:f3:80:c9:1b:01",
            "id": "maxhanussek-keypair",
            "name": "maxhanussek-keypair",
            "private_key": "",
            "public_key": "ssh-rsa AAAAB3NzaC1yc2EAAAADAQABAAABAQDGCoCJq3YLZSSIQWp9E8lHoS2Uyls66498ZcEqxJIGEP6gu+W9AAw7x0FBGlvnoHAw1wEsMbcihrTVLlU0r2VKtNVdvW26ACB01Y663IsiqrgtWChmLEWxOJE/8k3F+ZQ8aIjfYWr4O33IBItr32OP3lka/3wrLqOYh27JUcc3hvo+4KNdYoEso/P2bvvrL3jU/obB5iCtpI3QHpnA3fEHCuLK6A0J13cedcNJTWnm1O8aLo0NPdimqB4I82e1WfdflabJCVQjuWjA224zNakNdxa7T11aQJjJWKWLNL5nKrM+sjeUpcKzNeMDTIrPQpF/mqqkEM/sRgDKPgYZ/uqf",
            "region": "RegionTwo",
            "value_specs": null
          },
          "private": "bnVsbA=="
        }
      ]
    },
    {
      "mode": "managed",
      "type": "openstack_networking_secgroup_rule_v2",
      "name": "egress_public_4",
      "provider": "provider[\"registry.terraform.io/terraform-providers/openstack\"]",
      "instances": [
        {
          "schema_version": 0,
          "attributes": {
            "description": "",
            "direction": "egress",
            "ethertype": "IPv4",
            "id": "2dff5845-9006-4521-ad41-5e350acdee06",
            "port_range_max": 0,
            "port_range_min": 0,
            "protocol": "",
            "region": "RegionTwo",
            "remote_group_id": "",
            "remote_ip_prefix": "",
            "security_group_id": "7a0d7d72-3b9d-4c9a-87b8-7fdcab8806d9",
            "tenant_id": "329fb3d7f44b482d827a5bb029871654",
            "timeouts": null
          },
          "private": "eyJlMmJmYjczMC1lY2FhLTExZTYtOGY4OC0zNDM2M2JjN2M0YzAiOnsiZGVsZXRlIjo2MDAwMDAwMDAwMDB9fQ==",
          "dependencies": [
            "openstack_networking_secgroup_v2.terraform_workshop_sec_group"
          ]
        }
      ]
    },
    {
      "mode": "managed",
      "type": "openstack_networking_secgroup_rule_v2",
      "name": "egress_public_6",
      "provider": "provider[\"registry.terraform.io/terraform-providers/openstack\"]",
      "instances": [
        {
          "schema_version": 0,
          "attributes": {
            "description": "",
            "direction": "egress",
            "ethertype": "IPv6",
            "id": "1544b51b-06d1-4215-982a-c65417e7232e",
            "port_range_max": 0,
            "port_range_min": 0,
            "protocol": "",
            "region": "RegionTwo",
            "remote_group_id": "",
            "remote_ip_prefix": "",
            "security_group_id": "7a0d7d72-3b9d-4c9a-87b8-7fdcab8806d9",
            "tenant_id": "329fb3d7f44b482d827a5bb029871654",
            "timeouts": null
          },
          "private": "eyJlMmJmYjczMC1lY2FhLTExZTYtOGY4OC0zNDM2M2JjN2M0YzAiOnsiZGVsZXRlIjo2MDAwMDAwMDAwMDB9fQ==",
          "dependencies": [
            "openstack_networking_secgroup_v2.terraform_workshop_sec_group"
          ]
        }
      ]
    },
    {
      "mode": "managed",
      "type": "openstack_networking_secgroup_rule_v2",
      "name": "ingress_public_4",
      "provider": "provider[\"registry.terraform.io/terraform-providers/openstack\"]",
      "instances": [
        {
          "schema_version": 0,
          "attributes": {
            "description": "",
            "direction": "ingress",
            "ethertype": "IPv4",
            "id": "7c4476a7-2c92-4b86-8b05-c7f8dc234de0",
            "port_range_max": 0,
            "port_range_min": 0,
            "protocol": "icmp",
            "region": "RegionTwo",
            "remote_group_id": "",
            "remote_ip_prefix": "0.0.0.0/0",
            "security_group_id": "7a0d7d72-3b9d-4c9a-87b8-7fdcab8806d9",
            "tenant_id": "329fb3d7f44b482d827a5bb029871654",
            "timeouts": null
          },
          "private": "eyJlMmJmYjczMC1lY2FhLTExZTYtOGY4OC0zNDM2M2JjN2M0YzAiOnsiZGVsZXRlIjo2MDAwMDAwMDAwMDB9fQ==",
          "dependencies": [
            "openstack_networking_secgroup_v2.terraform_workshop_sec_group"
          ]
        }
      ]
    },
    {
      "mode": "managed",
      "type": "openstack_networking_secgroup_rule_v2",
      "name": "ingress_public_4_ssh",
      "provider": "provider[\"registry.terraform.io/terraform-providers/openstack\"]",
      "instances": [
        {
          "schema_version": 0,
          "attributes": {
            "description": "",
            "direction": "ingress",
            "ethertype": "IPv4",
            "id": "c9adaef7-e52e-475b-855b-470abb621ba1",
            "port_range_max": 22,
            "port_range_min": 22,
            "protocol": "tcp",
            "region": "RegionTwo",
            "remote_group_id": "",
            "remote_ip_prefix": "0.0.0.0/0",
            "security_group_id": "7a0d7d72-3b9d-4c9a-87b8-7fdcab8806d9",
            "tenant_id": "329fb3d7f44b482d827a5bb029871654",
            "timeouts": null
          },
          "private": "eyJlMmJmYjczMC1lY2FhLTExZTYtOGY4OC0zNDM2M2JjN2M0YzAiOnsiZGVsZXRlIjo2MDAwMDAwMDAwMDB9fQ==",
          "dependencies": [
            "openstack_networking_secgroup_v2.terraform_workshop_sec_group"
          ]
        }
      ]
    },
    {
      "mode": "managed",
      "type": "openstack_networking_secgroup_v2",
      "name": "terraform_workshop_sec_group",
      "provider": "provider[\"registry.terraform.io/terraform-providers/openstack\"]",
      "instances": [
        {
          "schema_version": 0,
          "attributes": {
            "all_tags": [],
            "delete_default_rules": true,
            "description": "Allow SSH access and ping request",
            "id": "7a0d7d72-3b9d-4c9a-87b8-7fdcab8806d9",
            "name": "maxhanussek-sec-group",
            "region": "RegionTwo",
            "tags": [],
            "tenant_id": "329fb3d7f44b482d827a5bb029871654",
            "timeouts": null
          },
          "private": "eyJlMmJmYjczMC1lY2FhLTExZTYtOGY4OC0zNDM2M2JjN2M0YzAiOnsiZGVsZXRlIjo2MDAwMDAwMDAwMDB9fQ=="
        }
      ]
    }
  ]
}
