{
  "version": 4,
  "terraform_version": "0.12.3",
  "serial": 198,
  "lineage": "a1a64c00-883e-bc54-3f3d-621ab0404cb5",
  "outputs": {},
  "resources": [
    {
      "mode": "data",
      "type": "openstack_images_image_v2",
      "name": "workshop_image_compute",
      "provider": "provider.openstack",
      "instances": [
        {
          "schema_version": 0,
          "attributes": {
            "checksum": "1b9d2d8857cc49d912ae2c03cecc65f3",
            "container_format": "bare",
            "created_at": "2019-07-19T09:12:43Z",
            "disk_format": "qcow2",
            "file": "/v2/images/6298f1c3-4c78-4811-9031-5b6f8b5b497e/file",
            "id": "6298f1c3-4c78-4811-9031-5b6f8b5b497e",
            "member_status": null,
            "metadata": {},
            "min_disk_gb": 20,
            "min_ram_mb": 0,
            "most_recent": true,
            "name": "unicore_compute_centos_20190719",
            "owner": "0dd93dad7c534e81b4b72a7615f13156",
            "properties": null,
            "protected": true,
            "region": null,
            "schema": "/v2/schemas/image",
            "size_bytes": 3068264448,
            "size_max": null,
            "size_min": null,
            "sort_direction": "asc",
            "sort_key": "name",
            "tag": null,
            "tags": [],
            "updated_at": "2019-08-15T12:15:21Z",
            "visibility": "shared"
          }
        }
      ]
    },
    {
      "mode": "data",
      "type": "openstack_images_image_v2",
      "name": "workshop_image_master",
      "provider": "provider.openstack",
      "instances": [
        {
          "schema_version": 0,
          "attributes": {
            "checksum": "80c03640f7999f16f002d94cfad30568",
            "container_format": "bare",
            "created_at": "2019-07-16T14:45:09Z",
            "disk_format": "qcow2",
            "file": "/v2/images/752d6065-ee98-47e0-9cdb-a58451616235/file",
            "id": "752d6065-ee98-47e0-9cdb-a58451616235",
            "member_status": null,
            "metadata": {},
            "min_disk_gb": 0,
            "min_ram_mb": 0,
            "most_recent": true,
            "name": "unicore_master_centos_20190712",
            "owner": "0dd93dad7c534e81b4b72a7615f13156",
            "properties": null,
            "protected": true,
            "region": null,
            "schema": "/v2/schemas/image",
            "size_bytes": 4259971072,
            "size_max": null,
            "size_min": null,
            "sort_direction": "asc",
            "sort_key": "name",
            "tag": null,
            "tags": [],
            "updated_at": "2019-08-15T12:15:31Z",
            "visibility": "shared"
          }
        }
      ]
    },
    {
      "mode": "managed",
      "type": "openstack_blockstorage_volume_v2",
      "name": "cinder_volume_compute",
      "each": "list",
      "provider": "provider.openstack",
      "instances": [
        {
          "index_key": 0,
          "schema_version": 0,
          "attributes": {
            "attachment": [],
            "availability_zone": "nova",
            "consistency_group_id": null,
            "description": "",
            "id": "710ccd64-e25c-4c35-a57d-156c9e673f50",
            "image_id": null,
            "metadata": {},
            "name": "mhanussek-workshop-volume-compute-0",
            "region": "RegionOne",
            "size": 10,
            "snapshot_id": "",
            "source_replica": null,
            "source_vol_id": "",
            "timeouts": null,
            "volume_type": "quobyte_hdd"
          },
          "private": "eyJlMmJmYjczMC1lY2FhLTExZTYtOGY4OC0zNDM2M2JjN2M0YzAiOnsiY3JlYXRlIjo2MDAwMDAwMDAwMDAsImRlbGV0ZSI6NjAwMDAwMDAwMDAwfX0="
        },
        {
          "index_key": 1,
          "schema_version": 0,
          "attributes": {
            "attachment": [],
            "availability_zone": "nova",
            "consistency_group_id": null,
            "description": "",
            "id": "c8e4e105-1e27-4aeb-95b1-b4bb766de4f8",
            "image_id": null,
            "metadata": {},
            "name": "mhanussek-workshop-volume-compute-1",
            "region": "RegionOne",
            "size": 10,
            "snapshot_id": "",
            "source_replica": null,
            "source_vol_id": "",
            "timeouts": null,
            "volume_type": "quobyte_hdd"
          },
          "private": "eyJlMmJmYjczMC1lY2FhLTExZTYtOGY4OC0zNDM2M2JjN2M0YzAiOnsiY3JlYXRlIjo2MDAwMDAwMDAwMDAsImRlbGV0ZSI6NjAwMDAwMDAwMDAwfX0="
        }
      ]
    },
    {
      "mode": "managed",
      "type": "openstack_blockstorage_volume_v2",
      "name": "cinder_volume_master",
      "provider": "provider.openstack",
      "instances": [
        {
          "schema_version": 0,
          "attributes": {
            "attachment": [],
            "availability_zone": "nova",
            "consistency_group_id": null,
            "description": "",
            "id": "e5f99433-22f2-41b4-8209-6341fd5a9644",
            "image_id": null,
            "metadata": {},
            "name": "mhanussek-workshop-volume-master",
            "region": "RegionOne",
            "size": 10,
            "snapshot_id": "",
            "source_replica": null,
            "source_vol_id": "",
            "timeouts": null,
            "volume_type": "quobyte_hdd"
          },
          "private": "eyJlMmJmYjczMC1lY2FhLTExZTYtOGY4OC0zNDM2M2JjN2M0YzAiOnsiY3JlYXRlIjo2MDAwMDAwMDAwMDAsImRlbGV0ZSI6NjAwMDAwMDAwMDAwfX0="
        }
      ]
    },
    {
      "mode": "managed",
      "type": "openstack_compute_instance_v2",
      "name": "compute",
      "each": "list",
      "provider": "provider.openstack",
      "instances": [
        {
          "index_key": 0,
          "schema_version": 0,
          "attributes": {
            "access_ip_v4": "192.168.19.15",
            "access_ip_v6": "",
            "admin_pass": null,
            "all_metadata": {},
            "availability_zone": "nova",
            "block_device": [
              {
                "boot_index": 0,
                "delete_on_termination": true,
                "destination_type": "local",
                "device_type": "",
                "disk_bus": "",
                "guest_format": "",
                "source_type": "image",
                "uuid": "6298f1c3-4c78-4811-9031-5b6f8b5b497e",
                "volume_size": 0
              },
              {
                "boot_index": -1,
                "delete_on_termination": true,
                "destination_type": "volume",
                "device_type": "",
                "disk_bus": "",
                "guest_format": "",
                "source_type": "volume",
                "uuid": "710ccd64-e25c-4c35-a57d-156c9e673f50",
                "volume_size": 0
              }
            ],
            "config_drive": null,
            "flavor_id": "3ee71032-7989-482f-8f90-7088c1fc72fe",
            "flavor_name": "de.NBI default",
            "floating_ip": null,
            "force_delete": false,
            "id": "22fb2d9e-d7a1-4c8f-9c75-298df0c5a723",
            "image_id": "6298f1c3-4c78-4811-9031-5b6f8b5b497e",
            "image_name": "unicore_compute_centos_20190719",
            "key_pair": "workshop",
            "metadata": null,
            "name": "mhanussek-workshop-vm-compute-0",
            "network": [
              {
                "access_network": false,
                "fixed_ip_v4": "192.168.19.15",
                "fixed_ip_v6": "",
                "floating_ip": "",
                "mac": "fa:16:3e:b2:b2:56",
                "name": "deNBI_user_meeting_internal",
                "port": "",
                "uuid": "f9792c44-1d2d-4716-bee6-3c4aa8e83853"
              }
            ],
            "personality": [],
            "power_state": "active",
            "region": "RegionOne",
            "scheduler_hints": [],
            "security_groups": [
              "terraform-workshop-access-group"
            ],
            "stop_before_destroy": false,
            "timeouts": null,
            "user_data": null,
            "vendor_options": [],
            "volume": []
          },
          "private": "eyJlMmJmYjczMC1lY2FhLTExZTYtOGY4OC0zNDM2M2JjN2M0YzAiOnsiY3JlYXRlIjoxODAwMDAwMDAwMDAwLCJkZWxldGUiOjE4MDAwMDAwMDAwMDAsInVwZGF0ZSI6MTgwMDAwMDAwMDAwMH19",
          "depends_on": [
            "data.openstack_images_image_v2.workshop_image_compute",
            "openstack_blockstorage_volume_v2.cinder_volume_compute"
          ]
        },
        {
          "index_key": 1,
          "schema_version": 0,
          "attributes": {
            "access_ip_v4": "192.168.19.12",
            "access_ip_v6": "",
            "admin_pass": null,
            "all_metadata": {},
            "availability_zone": "nova",
            "block_device": [
              {
                "boot_index": 0,
                "delete_on_termination": true,
                "destination_type": "local",
                "device_type": "",
                "disk_bus": "",
                "guest_format": "",
                "source_type": "image",
                "uuid": "6298f1c3-4c78-4811-9031-5b6f8b5b497e",
                "volume_size": 0
              },
              {
                "boot_index": -1,
                "delete_on_termination": true,
                "destination_type": "volume",
                "device_type": "",
                "disk_bus": "",
                "guest_format": "",
                "source_type": "volume",
                "uuid": "c8e4e105-1e27-4aeb-95b1-b4bb766de4f8",
                "volume_size": 0
              }
            ],
            "config_drive": null,
            "flavor_id": "3ee71032-7989-482f-8f90-7088c1fc72fe",
            "flavor_name": "de.NBI default",
            "floating_ip": null,
            "force_delete": false,
            "id": "b67081f0-a8c4-4d52-b117-a31a0f1a0daa",
            "image_id": "6298f1c3-4c78-4811-9031-5b6f8b5b497e",
            "image_name": "unicore_compute_centos_20190719",
            "key_pair": "workshop",
            "metadata": null,
            "name": "mhanussek-workshop-vm-compute-1",
            "network": [
              {
                "access_network": false,
                "fixed_ip_v4": "192.168.19.12",
                "fixed_ip_v6": "",
                "floating_ip": "",
                "mac": "fa:16:3e:68:a9:2b",
                "name": "deNBI_user_meeting_internal",
                "port": "",
                "uuid": "f9792c44-1d2d-4716-bee6-3c4aa8e83853"
              }
            ],
            "personality": [],
            "power_state": "active",
            "region": "RegionOne",
            "scheduler_hints": [],
            "security_groups": [
              "terraform-workshop-access-group"
            ],
            "stop_before_destroy": false,
            "timeouts": null,
            "user_data": null,
            "vendor_options": [],
            "volume": []
          },
          "private": "eyJlMmJmYjczMC1lY2FhLTExZTYtOGY4OC0zNDM2M2JjN2M0YzAiOnsiY3JlYXRlIjoxODAwMDAwMDAwMDAwLCJkZWxldGUiOjE4MDAwMDAwMDAwMDAsInVwZGF0ZSI6MTgwMDAwMDAwMDAwMH19",
          "depends_on": [
            "data.openstack_images_image_v2.workshop_image_compute",
            "openstack_blockstorage_volume_v2.cinder_volume_compute"
          ]
        }
      ]
    },
    {
      "mode": "managed",
      "type": "openstack_compute_instance_v2",
      "name": "workshop_vm_master",
      "provider": "provider.openstack",
      "instances": [
        {
          "schema_version": 0,
          "attributes": {
            "access_ip_v4": "192.168.19.5",
            "access_ip_v6": "",
            "admin_pass": null,
            "all_metadata": {},
            "availability_zone": "nova",
            "block_device": [
              {
                "boot_index": 0,
                "delete_on_termination": true,
                "destination_type": "local",
                "device_type": "",
                "disk_bus": "",
                "guest_format": "",
                "source_type": "image",
                "uuid": "752d6065-ee98-47e0-9cdb-a58451616235",
                "volume_size": 0
              },
              {
                "boot_index": -1,
                "delete_on_termination": true,
                "destination_type": "volume",
                "device_type": "",
                "disk_bus": "",
                "guest_format": "",
                "source_type": "volume",
                "uuid": "e5f99433-22f2-41b4-8209-6341fd5a9644",
                "volume_size": 0
              }
            ],
            "config_drive": null,
            "flavor_id": "3ee71032-7989-482f-8f90-7088c1fc72fe",
            "flavor_name": "de.NBI default",
            "floating_ip": null,
            "force_delete": false,
            "id": "e2352435-1b5a-495e-8c82-aef312e3efa7",
            "image_id": "752d6065-ee98-47e0-9cdb-a58451616235",
            "image_name": "unicore_master_centos_20190712",
            "key_pair": "workshop",
            "metadata": null,
            "name": "mhanussek-workshop-vm-master",
            "network": [
              {
                "access_network": false,
                "fixed_ip_v4": "192.168.19.5",
                "fixed_ip_v6": "",
                "floating_ip": "",
                "mac": "fa:16:3e:7f:d9:f5",
                "name": "deNBI_user_meeting_internal",
                "port": "",
                "uuid": "f9792c44-1d2d-4716-bee6-3c4aa8e83853"
              }
            ],
            "personality": [],
            "power_state": "active",
            "region": "RegionOne",
            "scheduler_hints": [],
            "security_groups": [
              "terraform-workshop-access-group"
            ],
            "stop_before_destroy": false,
            "timeouts": null,
            "user_data": null,
            "vendor_options": [],
            "volume": []
          },
          "private": "eyJlMmJmYjczMC1lY2FhLTExZTYtOGY4OC0zNDM2M2JjN2M0YzAiOnsiY3JlYXRlIjoxODAwMDAwMDAwMDAwLCJkZWxldGUiOjE4MDAwMDAwMDAwMDAsInVwZGF0ZSI6MTgwMDAwMDAwMDAwMH19",
          "depends_on": [
            "data.openstack_images_image_v2.workshop_image_master",
            "openstack_blockstorage_volume_v2.cinder_volume_master"
          ]
        }
      ]
    },
    {
      "mode": "managed",
      "type": "openstack_networking_secgroup_rule_v2",
      "name": "egress-public-4",
      "provider": "provider.openstack",
      "instances": [
        {
          "schema_version": 0,
          "attributes": {
            "description": "",
            "direction": "egress",
            "ethertype": "IPv4",
            "id": "3c04f035-9c70-439d-8d72-38f0104b3b1a",
            "port_range_max": 0,
            "port_range_min": 0,
            "protocol": "",
            "region": "RegionOne",
            "remote_group_id": "",
            "remote_ip_prefix": "",
            "security_group_id": "2b0cb21e-eb46-4e90-b6e4-159fce26c6d4",
            "tenant_id": "329fb3d7f44b482d827a5bb029871654",
            "timeouts": null
          },
          "private": "eyJlMmJmYjczMC1lY2FhLTExZTYtOGY4OC0zNDM2M2JjN2M0YzAiOnsiZGVsZXRlIjo2MDAwMDAwMDAwMDB9fQ==",
          "depends_on": [
            "openstack_networking_secgroup_v2.terraform_workshop_sec_group"
          ]
        }
      ]
    },
    {
      "mode": "managed",
      "type": "openstack_networking_secgroup_rule_v2",
      "name": "egress-public-6",
      "provider": "provider.openstack",
      "instances": [
        {
          "schema_version": 0,
          "attributes": {
            "description": "",
            "direction": "egress",
            "ethertype": "IPv6",
            "id": "f56ea119-5bb9-4c78-9314-7747ef83eefc",
            "port_range_max": 0,
            "port_range_min": 0,
            "protocol": "",
            "region": "RegionOne",
            "remote_group_id": "",
            "remote_ip_prefix": "",
            "security_group_id": "2b0cb21e-eb46-4e90-b6e4-159fce26c6d4",
            "tenant_id": "329fb3d7f44b482d827a5bb029871654",
            "timeouts": null
          },
          "private": "eyJlMmJmYjczMC1lY2FhLTExZTYtOGY4OC0zNDM2M2JjN2M0YzAiOnsiZGVsZXRlIjo2MDAwMDAwMDAwMDB9fQ==",
          "depends_on": [
            "openstack_networking_secgroup_v2.terraform_workshop_sec_group"
          ]
        }
      ]
    },
    {
      "mode": "managed",
      "type": "openstack_networking_secgroup_rule_v2",
      "name": "ingress-public-4",
      "provider": "provider.openstack",
      "instances": [
        {
          "schema_version": 0,
          "attributes": {
            "description": "",
            "direction": "ingress",
            "ethertype": "IPv4",
            "id": "157a9b1f-68fa-4a21-baad-9b4dab5650b8",
            "port_range_max": 0,
            "port_range_min": 0,
            "protocol": "icmp",
            "region": "RegionOne",
            "remote_group_id": "",
            "remote_ip_prefix": "0.0.0.0/0",
            "security_group_id": "2b0cb21e-eb46-4e90-b6e4-159fce26c6d4",
            "tenant_id": "329fb3d7f44b482d827a5bb029871654",
            "timeouts": null
          },
          "private": "eyJlMmJmYjczMC1lY2FhLTExZTYtOGY4OC0zNDM2M2JjN2M0YzAiOnsiZGVsZXRlIjo2MDAwMDAwMDAwMDB9fQ==",
          "depends_on": [
            "openstack_networking_secgroup_v2.terraform_workshop_sec_group"
          ]
        }
      ]
    },
    {
      "mode": "managed",
      "type": "openstack_networking_secgroup_rule_v2",
      "name": "ingress-public-4-ssh",
      "provider": "provider.openstack",
      "instances": [
        {
          "schema_version": 0,
          "attributes": {
            "description": "",
            "direction": "ingress",
            "ethertype": "IPv4",
            "id": "d168da99-0868-480f-bbb9-a28ce63c18e5",
            "port_range_max": 22,
            "port_range_min": 22,
            "protocol": "tcp",
            "region": "RegionOne",
            "remote_group_id": "",
            "remote_ip_prefix": "0.0.0.0/0",
            "security_group_id": "2b0cb21e-eb46-4e90-b6e4-159fce26c6d4",
            "tenant_id": "329fb3d7f44b482d827a5bb029871654",
            "timeouts": null
          },
          "private": "eyJlMmJmYjczMC1lY2FhLTExZTYtOGY4OC0zNDM2M2JjN2M0YzAiOnsiZGVsZXRlIjo2MDAwMDAwMDAwMDB9fQ==",
          "depends_on": [
            "openstack_networking_secgroup_v2.terraform_workshop_sec_group"
          ]
        }
      ]
    },
    {
      "mode": "managed",
      "type": "openstack_networking_secgroup_v2",
      "name": "terraform_workshop_sec_group",
      "provider": "provider.openstack",
      "instances": [
        {
          "schema_version": 0,
          "attributes": {
            "all_tags": [],
            "delete_default_rules": true,
            "description": "Allow SSH access and ping request",
            "id": "2b0cb21e-eb46-4e90-b6e4-159fce26c6d4",
            "name": "terraform-workshop-access-group",
            "region": "RegionOne",
            "tags": null,
            "tenant_id": "329fb3d7f44b482d827a5bb029871654",
            "timeouts": null
          },
          "private": "eyJlMmJmYjczMC1lY2FhLTExZTYtOGY4OC0zNDM2M2JjN2M0YzAiOnsiZGVsZXRlIjo2MDAwMDAwMDAwMDB9fQ=="
        }
      ]
    }
  ]
}
