{
  "version": 4,
  "terraform_version": "0.13.2",
  "serial": 9,
  "lineage": "37d3378a-43ea-f994-894f-cba753452603",
  "outputs": {},
  "resources": [
    {
      "mode": "data",
      "type": "openstack_images_image_v2",
      "name": "workshop_image",
      "provider": "provider[\"registry.terraform.io/terraform-providers/openstack\"]",
      "instances": [
        {
          "schema_version": 0,
          "attributes": {
            "checksum": "26c52282b53e6fe746fbfd5542421675",
            "container_format": "bare",
            "created_at": "2020-07-07T08:39:37Z",
            "disk_format": "raw",
            "file": "/v2/images/bf6aee92-8183-4b6e-a5d1-34d02c1806a4/file",
            "id": "bf6aee92-8183-4b6e-a5d1-34d02c1806a4",
            "member_status": null,
            "metadata": {},
            "min_disk_gb": 0,
            "min_ram_mb": 0,
            "most_recent": true,
            "name": "CentOS 7.7 2020-07-07",
            "owner": "251732fe41c94547a050008c7a6a6106",
            "properties": null,
            "protected": true,
            "region": null,
            "schema": "/v2/schemas/image",
            "size_bytes": 938409984,
            "size_max": null,
            "size_min": null,
            "sort_direction": "asc",
            "sort_key": "name",
            "tag": null,
            "tags": [],
            "updated_at": "2020-07-07T13:41:11Z",
            "visibility": "public"
          }
        }
      ]
    },
    {
      "mode": "managed",
      "type": "openstack_blockstorage_volume_v2",
      "name": "cinder_volume",
      "provider": "provider[\"registry.terraform.io/terraform-providers/openstack\"]",
      "instances": [
        {
          "schema_version": 0,
          "attributes": {
            "attachment": [],
            "availability_zone": "nova",
            "consistency_group_id": null,
            "description": "",
            "id": "d60c7aea-f01e-466b-a97b-c809d8336858",
            "image_id": null,
            "metadata": {},
            "name": "maxhanussek-workshop-volume",
            "region": "RegionTwo",
            "scheduler_hints": [],
            "size": 10,
            "snapshot_id": "",
            "source_replica": null,
            "source_vol_id": "",
            "timeouts": null,
            "volume_type": "quobyte_hdd"
          },
          "private": "eyJlMmJmYjczMC1lY2FhLTExZTYtOGY4OC0zNDM2M2JjN2M0YzAiOnsiY3JlYXRlIjo2MDAwMDAwMDAwMDAsImRlbGV0ZSI6NjAwMDAwMDAwMDAwfX0="
        }
      ]
    },
    {
      "mode": "managed",
      "type": "openstack_compute_instance_v2",
      "name": "workshop_vm",
      "provider": "provider[\"registry.terraform.io/terraform-providers/openstack\"]",
      "instances": [
        {
          "schema_version": 0,
          "attributes": {
            "access_ip_v4": "193.196.29.166",
            "access_ip_v6": "",
            "admin_pass": null,
            "all_metadata": {},
            "all_tags": [],
            "availability_zone": "nova",
            "availability_zone_hints": null,
            "block_device": [
              {
                "boot_index": 0,
                "delete_on_termination": true,
                "destination_type": "local",
                "device_type": "",
                "disk_bus": "",
                "guest_format": "",
                "source_type": "image",
                "uuid": "bf6aee92-8183-4b6e-a5d1-34d02c1806a4",
                "volume_size": 0,
                "volume_type": ""
              },
              {
                "boot_index": -1,
                "delete_on_termination": true,
                "destination_type": "volume",
                "device_type": "",
                "disk_bus": "",
                "guest_format": "",
                "source_type": "volume",
                "uuid": "d60c7aea-f01e-466b-a97b-c809d8336858",
                "volume_size": 0,
                "volume_type": ""
              }
            ],
            "config_drive": null,
            "flavor_id": "31cba723-45c5-48e8-9d27-9fa862e6b796",
            "flavor_name": "de.NBI default",
            "floating_ip": null,
            "force_delete": false,
            "id": "1a0345c6-d2e1-44f8-9ba3-5022af06980c",
            "image_id": "bf6aee92-8183-4b6e-a5d1-34d02c1806a4",
            "image_name": "CentOS 7.7 2020-07-07",
            "key_pair": "maxhanussek-keypair",
            "metadata": null,
            "name": "maxhanussek-workshop-vm",
            "network": [
              {
                "access_network": false,
                "fixed_ip_v4": "193.196.29.166",
                "fixed_ip_v6": "",
                "floating_ip": "",
                "mac": "fa:16:3e:be:85:b2",
                "name": "denbi_uni_tuebingen_external2",
                "port": "",
                "uuid": "c25c4250-67f7-4f5d-b6fc-939abbae7ec8"
              }
            ],
            "personality": [],
            "power_state": "active",
            "region": "RegionTwo",
            "scheduler_hints": [],
            "security_groups": [
              "maxhanussek-sec-group"
            ],
            "stop_before_destroy": false,
            "tags": null,
            "timeouts": null,
            "user_data": null,
            "vendor_options": [],
            "volume": []
          },
          "private": "eyJlMmJmYjczMC1lY2FhLTExZTYtOGY4OC0zNDM2M2JjN2M0YzAiOnsiY3JlYXRlIjoxODAwMDAwMDAwMDAwLCJkZWxldGUiOjE4MDAwMDAwMDAwMDAsInVwZGF0ZSI6MTgwMDAwMDAwMDAwMH19",
          "dependencies": [
            "data.openstack_images_image_v2.workshop_image",
            "openstack_blockstorage_volume_v2.cinder_volume",
            "openstack_compute_keypair_v2.workshop_keypair"
          ]
        }
      ]
    },
    {
      "mode": "managed",
      "type": "openstack_compute_keypair_v2",
      "name": "workshop_keypair",
      "provider": "provider[\"registry.terraform.io/terraform-providers/openstack\"]",
      "instances": [
        {
          "schema_version": 0,
          "attributes": {
            "fingerprint": "3d:11:d7:ad:76:57:1b:23:84:a9:d4:f3:80:c9:1b:01",
            "id": "maxhanussek-keypair",
            "name": "maxhanussek-keypair",
            "private_key": "",
            "public_key": "ssh-rsa AAAAB3NzaC1yc2EAAAADAQABAAABAQDGCoCJq3YLZSSIQWp9E8lHoS2Uyls66498ZcEqxJIGEP6gu+W9AAw7x0FBGlvnoHAw1wEsMbcihrTVLlU0r2VKtNVdvW26ACB01Y663IsiqrgtWChmLEWxOJE/8k3F+ZQ8aIjfYWr4O33IBItr32OP3lka/3wrLqOYh27JUcc3hvo+4KNdYoEso/P2bvvrL3jU/obB5iCtpI3QHpnA3fEHCuLK6A0J13cedcNJTWnm1O8aLo0NPdimqB4I82e1WfdflabJCVQjuWjA224zNakNdxa7T11aQJjJWKWLNL5nKrM+sjeUpcKzNeMDTIrPQpF/mqqkEM/sRgDKPgYZ/uqf",
            "region": "RegionTwo",
            "value_specs": null
          },
          "private": "bnVsbA=="
        }
      ]
    },
    {
      "mode": "managed",
      "type": "openstack_networking_secgroup_rule_v2",
      "name": "egress_public_4",
      "provider": "provider[\"registry.terraform.io/terraform-providers/openstack\"]",
      "instances": [
        {
          "schema_version": 0,
          "attributes": {
            "description": "",
            "direction": "egress",
            "ethertype": "IPv4",
            "id": "ed299625-67e8-4e72-be55-65cc3dbdae85",
            "port_range_max": 0,
            "port_range_min": 0,
            "protocol": "",
            "region": "RegionTwo",
            "remote_group_id": "",
            "remote_ip_prefix": "",
            "security_group_id": "533a7af6-35ea-447a-9aa7-41c7edbdaf3e",
            "tenant_id": "329fb3d7f44b482d827a5bb029871654",
            "timeouts": null
          },
          "private": "eyJlMmJmYjczMC1lY2FhLTExZTYtOGY4OC0zNDM2M2JjN2M0YzAiOnsiZGVsZXRlIjo2MDAwMDAwMDAwMDB9fQ==",
          "dependencies": [
            "openstack_networking_secgroup_v2.terraform_workshop_sec_group"
          ]
        }
      ]
    },
    {
      "mode": "managed",
      "type": "openstack_networking_secgroup_rule_v2",
      "name": "egress_public_6",
      "provider": "provider[\"registry.terraform.io/terraform-providers/openstack\"]",
      "instances": [
        {
          "schema_version": 0,
          "attributes": {
            "description": "",
            "direction": "egress",
            "ethertype": "IPv6",
            "id": "da25641e-5eac-49f5-80f3-8732eea2e03e",
            "port_range_max": 0,
            "port_range_min": 0,
            "protocol": "",
            "region": "RegionTwo",
            "remote_group_id": "",
            "remote_ip_prefix": "",
            "security_group_id": "533a7af6-35ea-447a-9aa7-41c7edbdaf3e",
            "tenant_id": "329fb3d7f44b482d827a5bb029871654",
            "timeouts": null
          },
          "private": "eyJlMmJmYjczMC1lY2FhLTExZTYtOGY4OC0zNDM2M2JjN2M0YzAiOnsiZGVsZXRlIjo2MDAwMDAwMDAwMDB9fQ==",
          "dependencies": [
            "openstack_networking_secgroup_v2.terraform_workshop_sec_group"
          ]
        }
      ]
    },
    {
      "mode": "managed",
      "type": "openstack_networking_secgroup_rule_v2",
      "name": "ingress_public_4",
      "provider": "provider[\"registry.terraform.io/terraform-providers/openstack\"]",
      "instances": [
        {
          "schema_version": 0,
          "attributes": {
            "description": "",
            "direction": "ingress",
            "ethertype": "IPv4",
            "id": "7f677128-e740-4954-b488-54f4e006b7ed",
            "port_range_max": 0,
            "port_range_min": 0,
            "protocol": "icmp",
            "region": "RegionTwo",
            "remote_group_id": "",
            "remote_ip_prefix": "0.0.0.0/0",
            "security_group_id": "533a7af6-35ea-447a-9aa7-41c7edbdaf3e",
            "tenant_id": "329fb3d7f44b482d827a5bb029871654",
            "timeouts": null
          },
          "private": "eyJlMmJmYjczMC1lY2FhLTExZTYtOGY4OC0zNDM2M2JjN2M0YzAiOnsiZGVsZXRlIjo2MDAwMDAwMDAwMDB9fQ==",
          "dependencies": [
            "openstack_networking_secgroup_v2.terraform_workshop_sec_group"
          ]
        }
      ]
    },
    {
      "mode": "managed",
      "type": "openstack_networking_secgroup_rule_v2",
      "name": "ingress_public_4_ssh",
      "provider": "provider[\"registry.terraform.io/terraform-providers/openstack\"]",
      "instances": [
        {
          "schema_version": 0,
          "attributes": {
            "description": "",
            "direction": "ingress",
            "ethertype": "IPv4",
            "id": "d31e0f55-8a56-46cc-bf4e-2aed57f9b277",
            "port_range_max": 22,
            "port_range_min": 22,
            "protocol": "tcp",
            "region": "RegionTwo",
            "remote_group_id": "",
            "remote_ip_prefix": "0.0.0.0/0",
            "security_group_id": "533a7af6-35ea-447a-9aa7-41c7edbdaf3e",
            "tenant_id": "329fb3d7f44b482d827a5bb029871654",
            "timeouts": null
          },
          "private": "eyJlMmJmYjczMC1lY2FhLTExZTYtOGY4OC0zNDM2M2JjN2M0YzAiOnsiZGVsZXRlIjo2MDAwMDAwMDAwMDB9fQ==",
          "dependencies": [
            "openstack_networking_secgroup_v2.terraform_workshop_sec_group"
          ]
        }
      ]
    },
    {
      "mode": "managed",
      "type": "openstack_networking_secgroup_v2",
      "name": "terraform_workshop_sec_group",
      "provider": "provider[\"registry.terraform.io/terraform-providers/openstack\"]",
      "instances": [
        {
          "schema_version": 0,
          "attributes": {
            "all_tags": [],
            "delete_default_rules": true,
            "description": "Allow SSH access and ping request",
            "id": "533a7af6-35ea-447a-9aa7-41c7edbdaf3e",
            "name": "maxhanussek-sec-group",
            "region": "RegionTwo",
            "tags": null,
            "tenant_id": "329fb3d7f44b482d827a5bb029871654",
            "timeouts": null
          },
          "private": "eyJlMmJmYjczMC1lY2FhLTExZTYtOGY4OC0zNDM2M2JjN2M0YzAiOnsiZGVsZXRlIjo2MDAwMDAwMDAwMDB9fQ=="
        }
      ]
    }
  ]
}
